# THIS IS AN AUTOGENERATED FILE. DO NOT EDIT THIS FILE DIRECTLY.
# yarn lockfile v1


async-validator@^1.6.6, async-validator@^1.6.8:
  version "1.6.8"
  resolved "http://registry.npm.taobao.org/async-validator/download/async-validator-1.6.8.tgz#fbaaa9002b41066fdf3ba21d8a4ca8b1179ad36b"

echarts@^3.3.1:
  version "3.4.0"
  resolved "http://registry.npm.taobao.org/echarts/download/echarts-3.4.0.tgz#425e83be18a70170d2e1a9daf22c75bcd2da58d4"
  dependencies:
    zrender "^3.3.0"

encoding@^0.1.11:
  version "0.1.12"
  resolved "http://registry.npm.taobao.org/encoding/download/encoding-0.1.12.tgz#538b66f3ee62cd1ab51ec323829d1f9480c74beb"
  dependencies:
    iconv-lite "~0.4.13"

es6-promise@^4.0.5:
  version "4.1.0"
  resolved "http://registry.npm.taobao.org/es6-promise/download/es6-promise-4.1.0.tgz#dda03ca8f9f89bc597e689842929de7ba8cebdf0"

i-tofu@>=0.0.7:
  version "0.0.7"
  resolved "http://registry.npm.taobao.org/i-tofu/download/i-tofu-0.0.7.tgz#6523ec48812ff9f21a766833bbfd3a8d6497b2af"
  dependencies:
    async-validator "^1.6.8"
    throttle-debounce "^1.0.1"
    vue "^2.2.1"
    vue-router "^2.2.0"
    wind-dom "^0.0.3"

iconv-lite@~0.4.13:
  version "0.4.15"
  resolved "http://registry.npm.taobao.org/iconv-lite/download/iconv-lite-0.4.15.tgz#fe265a218ac6a57cfe854927e9d04c19825eddeb"

is-stream@^1.0.1:
  version "1.1.0"
  resolved "http://registry.npm.taobao.org/is-stream/download/is-stream-1.1.0.tgz#12d4a3dd4e68e0b79ceb8dbc84173ae80d91ca44"

isomorphic-fetch@^2.2.1:
  version "2.2.1"
  resolved "http://registry.npm.taobao.org/isomorphic-fetch/download/isomorphic-fetch-2.2.1.tgz#611ae1acf14f5e81f729507472819fe9733558a9"
  dependencies:
    node-fetch "^1.0.1"
    whatwg-fetch ">=0.10.0"

node-fetch@^1.0.1:
  version "1.6.3"
  resolved "http://registry.npm.taobao.org/node-fetch/download/node-fetch-1.6.3.tgz#dc234edd6489982d58e8f0db4f695029abcd8c04"
  dependencies:
    encoding "^0.1.11"
    is-stream "^1.0.1"

object-assign@^4.1.0:
  version "4.1.1"
  resolved "http://registry.npm.taobao.org/object-assign/download/object-assign-4.1.1.tgz#2109adc7965887cfc05cbbd442cac8bfbb360863"

object-equal@^1.0.0:
  version "1.0.0"
  resolved "http://registry.npm.taobao.org/object-equal/download/object-equal-1.0.0.tgz#9201d569f789182956f82c806818e35a27a2f117"

throttle-debounce@^1.0.1:
  version "1.0.1"
  resolved "http://registry.npm.taobao.org/throttle-debounce/download/throttle-debounce-1.0.1.tgz#dad0fe130f9daf3719fdea33dc36a8e6ba7f30b5"

tofu-lib@^0.0.4:
  version "0.0.4"
  resolved "http://registry.npm.taobao.org/tofu-lib/download/tofu-lib-0.0.4.tgz#874f8a75bf6daab457448a1aed136a06ce45476d"
  dependencies:
    isomorphic-fetch "^2.2.1"

vue-router@^2.2.0:
  version "2.3.0"
  resolved "http://registry.npm.taobao.org/vue-router/download/vue-router-2.3.0.tgz#a25c8359e8ca989d22ce79f64322eb0ad0c8670f"

vue@^2.2.0, vue@^2.2.1:
  version "2.2.6"
  resolved "http://registry.npm.taobao.org/vue/download/vue-2.2.6.tgz#451714b394dd6d4eae7b773c40c2034a59621aed"

vuex@^2.1.1:
  version "2.2.1"
  resolved "http://registry.npm.taobao.org/vuex/download/vuex-2.2.1.tgz#a42d0ce18cb0e0359258f84bfd76835ed468c185"

whatwg-fetch@>=0.10.0:
  version "2.0.3"
  resolved "http://registry.npm.taobao.org/whatwg-fetch/download/whatwg-fetch-2.0.3.tgz#9c84ec2dcf68187ff00bc64e1274b442176e1c84"

wind-dom@0.0.3, wind-dom@^0.0.3:
  version "0.0.3"
  resolved "http://registry.npm.taobao.org/wind-dom/download/wind-dom-0.0.3.tgz#3456e3d959dbebdcbf76ca68c6a4e8142f26360f"

zrender@^3.3.0:
  version "3.3.0"
  resolved "http://registry.npm.taobao.org/zrender/download/zrender-3.3.0.tgz#efb5280b248aa48e3bba8d8f8e5469033a355d26"
